
Microsoft Visual Studio Solution File, Format Version 12.00
# Visual Studio Version 17
VisualStudioVersion = 17.11.35327.3
MinimumVisualStudioVersion = 10.0.40219.1
Project("{FAE04EC0-301F-11D3-BF4B-00C04F79EFBC}") = "AsyncReimplementation", "AsyncReimplementation\AsyncReimplementation.csproj", "{5793337B-9E1F-4E78-8696-DFAE60C1610D}"
EndProject
Global
	GlobalSection(SolutionConfigurationPlatforms) = preSolution
		Debug|Any CPU = Debug|Any CPU
		Release|Any CPU = Release|Any CPU
	EndGlobalSection
	GlobalSection(ProjectConfigurationPlatforms) = postSolution
		{5793337B-9E1F-4E78-8696-DFAE60C1610D}.Debug|Any CPU.ActiveCfg = Debug|Any CPU
		{5793337B-9E1F-4E78-8696-DFAE60C1610D}.Debug|Any CPU.Build.0 = Debug|Any CPU
		{5793337B-9E1F-4E78-8696-DFAE60C1610D}.Release|Any CPU.ActiveCfg = Release|Any CPU
		{5793337B-9E1F-4E78-8696-DFAE60C1610D}.Release|Any CPU.Build.0 = Release|Any CPU
	EndGlobalSection
	GlobalSection(SolutionProperties) = preSolution
		HideSolutionNode = FALSE
	EndGlobalSection
	GlobalSection(ExtensibilityGlobals) = postSolution
		SolutionGuid = {F7A17FC3-19AC-46F3-9FFC-D7B4C0606D00}
	EndGlobalSection
EndGlobal
